
Microsoft Visual Studio Solution File, Format Version 12.00
# Visual Studio 15
VisualStudioVersion = 15.0.28307.136
MinimumVisualStudioVersion = 10.0.40219.1
Project("{FAE04EC0-301F-11D3-BF4B-00C04F79EFBC}") = "JedApp", "JedApp\JedApp.csproj", "{B70AA20D-F21A-4C6B-9341-F84CA39740C1}"
EndProject
Global
	GlobalSection(SolutionConfigurationPlatforms) = preSolution
		Debug|Any CPU = Debug|Any CPU
		Release|Any CPU = Release|Any CPU
	EndGlobalSection
	GlobalSection(ProjectConfigurationPlatforms) = postSolution
		{B70AA20D-F21A-4C6B-9341-F84CA39740C1}.Debug|Any CPU.ActiveCfg = Debug|Any CPU
		{B70AA20D-F21A-4C6B-9341-F84CA39740C1}.Debug|Any CPU.Build.0 = Debug|Any CPU
		{B70AA20D-F21A-4C6B-9341-F84CA39740C1}.Release|Any CPU.ActiveCfg = Release|Any CPU
		{B70AA20D-F21A-4C6B-9341-F84CA39740C1}.Release|Any CPU.Build.0 = Release|Any CPU
	EndGlobalSection
	GlobalSection(SolutionProperties) = preSolution
		HideSolutionNode = FALSE
	EndGlobalSection
	GlobalSection(ExtensibilityGlobals) = postSolution
		SolutionGuid = {2FFE2783-3C82-49F4-96A8-94D1E50D00A2}
	EndGlobalSection
EndGlobal
